// !$*UTF8*$!
{
	archiveVersion = 1;
	classes = {
	};
	objectVersion = 46;
	objects = {

/* Begin PBXBuildFile section */
		CD4117251EB77197007A7347 /* main.m in Sources */ = {isa = PBXBuildFile; fileRef = CD4117241EB77197007A7347 /* main.m */; };
		CD4117281EB77197007A7347 /* AppDelegate.m in Sources */ = {isa = PBXBuildFile; fileRef = CD4117271EB77197007A7347 /* AppDelegate.m */; };
		CD41172B1EB77197007A7347 /* ViewController.m in Sources */ = {isa = PBXBuildFile; fileRef = CD41172A1EB77197007A7347 /* ViewController.m */; };
		CD41172E1EB77197007A7347 /* Main.storyboard in Resources */ = {isa = PBXBuildFile; fileRef = CD41172C1EB77197007A7347 /* Main.storyboard */; };
		CD4117301EB77197007A7347 /* Assets.xcassets in Resources */ = {isa = PBXBuildFile; fileRef = CD41172F1EB77197007A7347 /* Assets.xcassets */; };
		CD4117331EB77197007A7347 /* LaunchScreen.storyboard in Resources */ = {isa = PBXBuildFile; fileRef = CD4117311EB77197007A7347 /* LaunchScreen.storyboard */; };
		CD41173E1EB77198007A7347 /* Button_hookTests.m in Sources */ = {isa = PBXBuildFile; fileRef = CD41173D1EB77198007A7347 /* Button_hookTests.m */; };
		CD4117491EB77198007A7347 /* Button_hookUITests.m in Sources */ = {isa = PBXBuildFile; fileRef = CD4117481EB77198007A7347 /* Button_hookUITests.m */; };
		CD41175B1EB772FD007A7347 /* UIButton+Buttonhook.m in Sources */ = {isa = PBXBuildFile; fileRef = CD41175A1EB772FD007A7347 /* UIButton+Buttonhook.m */; };
/* End PBXBuildFile section */

/* Begin PBXContainerItemProxy section */
		CD41173A1EB77198007A7347 /* PBXContainerItemProxy */ = {
			isa = PBXContainerItemProxy;
			containerPortal = CD4117181EB77196007A7347 /* Project object */;
			proxyType = 1;
			remoteGlobalIDString = CD41171F1EB77196007A7347;
			remoteInfo = Button_hook;
		};
		CD4117451EB77198007A7347 /* PBXContainerItemProxy */ = {
			isa = PBXContainerItemProxy;
			containerPortal = CD4117181EB77196007A7347 /* Project object */;
			proxyType = 1;
			remoteGlobalIDString = CD41171F1EB77196007A7347;
			remoteInfo = Button_hook;
		};
/* End PBXContainerItemProxy section */

/* Begin PBXFileReference section */
		CD4117201EB77197007A7347 /* Button_hook.app */ = {isa = PBXFileReference; explicitFileType = wrapper.application; includeInIndex = 0; path = Button_hook.app; sourceTree = BUILT_PRODUCTS_DIR; };
		CD4117241EB77197007A7347 /* main.m */ = {isa = PBXFileReference; lastKnownFileType = sourcecode.c.objc; path = main.m; sourceTree = "<group>"; };
		CD4117261EB77197007A7347 /* AppDelegate.h */ = {isa = PBXFileReference; lastKnownFileType = sourcecode.c.h; path = AppDelegate.h; sourceTree = "<group>"; };
		CD4117271EB77197007A7347 /* AppDelegate.m */ = {isa = PBXFileReference; lastKnownFileType = sourcecode.c.objc; path = AppDelegate.m; sourceTree = "<group>"; };
		CD4117291EB77197007A7347 /* ViewController.h */ = {isa = PBXFileReference; lastKnownFileType = sourcecode.c.h; path = ViewController.h; sourceTree = "<group>"; };
		CD41172A1EB77197007A7347 /* ViewController.m */ = {isa = PBXFileReference; lastKnownFileType = sourcecode.c.objc; path = ViewController.m; sourceTree = "<group>"; };
		CD41172D1EB77197007A7347 /* Base */ = {isa = PBXFileReference; lastKnownFileType = file.storyboard; name = Base; path = Base.lproj/Main.storyboard; sourceTree = "<group>"; };
		CD41172F1EB77197007A7347 /* Assets.xcassets */ = {isa = PBXFileReference; lastKnownFileType = folder.assetcatalog; path = Assets.xcassets; sourceTree = "<group>"; };
		CD4117321EB77197007A7347 /* Base */ = {isa = PBXFileReference; lastKnownFileType = file.storyboard; name = Base; path = Base.lproj/LaunchScreen.storyboard; sourceTree = "<group>"; };
		CD4117341EB77197007A7347 /* Info.plist */ = {isa = PBXFileReference; lastKnownFileType = text.plist.xml; path = Info.plist; sourceTree = "<group>"; };
		CD4117391EB77198007A7347 /* Button_hookTests.xctest */ = {isa = PBXFileReference; explicitFileType = wrapper.cfbundle; includeInIndex = 0; path = Button_hookTests.xctest; sourceTree = BUILT_PRODUCTS_DIR; };
		CD41173D1EB77198007A7347 /* Button_hookTests.m */ = {isa = PBXFileReference; lastKnownFileType = sourcecode.c.objc; path = Button_hookTests.m; sourceTree = "<group>"; };
		CD41173F1EB77198007A7347 /* Info.plist */ = {isa = PBXFileReference; lastKnownFileType = text.plist.xml; path = Info.plist; sourceTree = "<group>"; };
		CD4117441EB77198007A7347 /* Button_hookUITests.xctest */ = {isa = PBXFileReference; explicitFileType = wrapper.cfbundle; includeInIndex = 0; path = Button_hookUITests.xctest; sourceTree = BUILT_PRODUCTS_DIR; };
		CD4117481EB77198007A7347 /* Button_hookUITests.m */ = {isa = PBXFileReference; lastKnownFileType = sourcecode.c.objc; path = Button_hookUITests.m; sourceTree = "<group>"; };
		CD41174A1EB77198007A7347 /* Info.plist */ = {isa = PBXFileReference; lastKnownFileType = text.plist.xml; path = Info.plist; sourceTree = "<group>"; };
		CD4117591EB772FD007A7347 /* UIButton+Buttonhook.h */ = {isa = PBXFileReference; fileEncoding = 4; lastKnownFileType = sourcecode.c.h; name = "UIButton+Buttonhook.h"; path = "../UIButton+Buttonhook.h"; sourceTree = "<group>"; };
		CD41175A1EB772FD007A7347 /* UIButton+Buttonhook.m */ = {isa = PBXFileReference; fileEncoding = 4; lastKnownFileType = sourcecode.c.objc; name = "UIButton+Buttonhook.m"; path = "../UIButton+Buttonhook.m"; sourceTree = "<group>"; };
/* End PBXFileReference section */

/* Begin PBXFrameworksBuildPhase section */
		CD41171D1EB77196007A7347 /* Frameworks */ = {
			isa = PBXFrameworksBuildPhase;
			buildActionMask = 2147483647;
			files = (
			);
			runOnlyForDeploymentPostprocessing = 0;
		};
		CD4117361EB77198007A7347 /* Frameworks */ = {
			isa = PBXFrameworksBuildPhase;
			buildActionMask = 2147483647;
			files = (
			);
			runOnlyForDeploymentPostprocessing = 0;
		};
		CD4117411EB77198007A7347 /* Frameworks */ = {
			isa = PBXFrameworksBuildPhase;
			buildActionMask = 2147483647;
			files = (
			);
			runOnlyForDeploymentPostprocessing = 0;
		};
/* End PBXFrameworksBuildPhase section */

/* Begin PBXGroup section */
		CD4117171EB77196007A7347 = {
			isa = PBXGroup;
			children = (
				CD4117221EB77197007A7347 /* Button_hook */,
				CD41173C1EB77198007A7347 /* Button_hookTests */,
				CD4117471EB77198007A7347 /* Button_hookUITests */,
				CD4117211EB77197007A7347 /* Products */,
			);
			sourceTree = "<group>";
		};
		CD4117211EB77197007A7347 /* Products */ = {
			isa = PBXGroup;
			children = (
				CD4117201EB77197007A7347 /* Button_hook.app */,
				CD4117391EB77198007A7347 /* Button_hookTests.xctest */,
				CD4117441EB77198007A7347 /* Button_hookUITests.xctest */,
			);
			name = Products;
			sourceTree = "<group>";
		};
		CD4117221EB77197007A7347 /* Button_hook */ = {
			isa = PBXGroup;
			children = (
				CD4117591EB772FD007A7347 /* UIButton+Buttonhook.h */,
				CD41175A1EB772FD007A7347 /* UIButton+Buttonhook.m */,
				CD4117261EB77197007A7347 /* AppDelegate.h */,
				CD4117271EB77197007A7347 /* AppDelegate.m */,
				CD4117291EB77197007A7347 /* ViewController.h */,
				CD41172A1EB77197007A7347 /* ViewController.m */,
				CD41172C1EB77197007A7347 /* Main.storyboard */,
				CD41172F1EB77197007A7347 /* Assets.xcassets */,
				CD4117311EB77197007A7347 /* LaunchScreen.storyboard */,
				CD4117341EB77197007A7347 /* Info.plist */,
				CD4117231EB77197007A7347 /* Supporting Files */,
			);
			path = Button_hook;
			sourceTree = "<group>";
		};
		CD4117231EB77197007A7347 /* Supporting Files */ = {
			isa = PBXGroup;
			children = (
				CD4117241EB77197007A7347 /* main.m */,
			);
			name = "Supporting Files";
			sourceTree = "<group>";
		};
		CD41173C1EB77198007A7347 /* Button_hookTests */ = {
			isa = PBXGroup;
			children = (
				CD41173D1EB77198007A7347 /* Button_hookTests.m */,
				CD41173F1EB77198007A7347 /* Info.plist */,
			);
			path = Button_hookTests;
			sourceTree = "<group>";
		};
		CD4117471EB77198007A7347 /* Button_hookUITests */ = {
			isa = PBXGroup;
			children = (
				CD4117481EB77198007A7347 /* Button_hookUITests.m */,
				CD41174A1EB77198007A7347 /* Info.plist */,
			);
			path = Button_hookUITests;
			sourceTree = "<group>";
		};
/* End PBXGroup section */

/* Begin PBXNativeTarget section */
		CD41171F1EB77196007A7347 /* Button_hook */ = {
			isa = PBXNativeTarget;
			buildConfigurationList = CD41174D1EB77198007A7347 /* Build configuration list for PBXNativeTarget "Button_hook" */;
			buildPhases = (
				CD41171C1EB77196007A7347 /* Sources */,
				CD41171D1EB77196007A7347 /* Frameworks */,
				CD41171E1EB77196007A7347 /* Resources */,
			);
			buildRules = (
			);
			dependencies = (
			);
			name = Button_hook;
			productName = Button_hook;
			productReference = CD4117201EB77197007A7347 /* Button_hook.app */;
			productType = "com.apple.product-type.application";
		};
		CD4117381EB77198007A7347 /* Button_hookTests */ = {
			isa = PBXNativeTarget;
			buildConfigurationList = CD4117501EB77198007A7347 /* Build configuration list for PBXNativeTarget "Button_hookTests" */;
			buildPhases = (
				CD4117351EB77198007A7347 /* Sources */,
				CD4117361EB77198007A7347 /* Frameworks */,
				CD4117371EB77198007A7347 /* Resources */,
			);
			buildRules = (
			);
			dependencies = (
				CD41173B1EB77198007A7347 /* PBXTargetDependency */,
			);
			name = Button_hookTests;
			productName = Button_hookTests;
			productReference = CD4117391EB77198007A7347 /* Button_hookTests.xctest */;
			productType = "com.apple.product-type.bundle.unit-test";
		};
		CD4117431EB77198007A7347 /* Button_hookUITests */ = {
			isa = PBXNativeTarget;
			buildConfigurationList = CD4117531EB77198007A7347 /* Build configuration list for PBXNativeTarget "Button_hookUITests" */;
			buildPhases = (
				CD4117401EB77198007A7347 /* Sources */,
				CD4117411EB77198007A7347 /* Frameworks */,
				CD4117421EB77198007A7347 /* Resources */,
			);
			buildRules = (
			);
			dependencies = (
				CD4117461EB77198007A7347 /* PBXTargetDependency */,
			);
			name = Button_hookUITests;
			productName = Button_hookUITests;
			productReference = CD4117441EB77198007A7347 /* Button_hookUITests.xctest */;
			productType = "com.apple.product-type.bundle.ui-testing";
		};
/* End PBXNativeTarget section */

/* Begin PBXProject section */
		CD4117181EB77196007A7347 /* Project object */ = {
			isa = PBXProject;
			attributes = {
				LastUpgradeCheck = 0820;
				ORGANIZATIONNAME = zbh;
				TargetAttributes = {
					CD41171F1EB77196007A7347 = {
						CreatedOnToolsVersion = 8.2.1;
						ProvisioningStyle = Automatic;
					};
					CD4117381EB77198007A7347 = {
						CreatedOnToolsVersion = 8.2.1;
						ProvisioningStyle = Automatic;
						TestTargetID = CD41171F1EB77196007A7347;
					};
					CD4117431EB77198007A7347 = {
						CreatedOnToolsVersion = 8.2.1;
						ProvisioningStyle = Automatic;
						TestTargetID = CD41171F1EB77196007A7347;
					};
				};
			};
			buildConfigurationList = CD41171B1EB77196007A7347 /* Build configuration list for PBXProject "Button_hook" */;
			compatibilityVersion = "Xcode 3.2";
			developmentRegion = English;
			hasScannedForEncodings = 0;
			knownRegions = (
				en,
				Base,
			);
			mainGroup = CD4117171EB77196007A7347;
			productRefGroup = CD4117211EB77197007A7347 /* Products */;
			projectDirPath = "";
			projectRoot = "";
			targets = (
				CD41171F1EB77196007A7347 /* Button_hook */,
				CD4117381EB77198007A7347 /* Button_hookTests */,
				CD4117431EB77198007A7347 /* Button_hookUITests */,
			);
		};
/* End PBXProject section */

/* Begin PBXResourcesBuildPhase section */
		CD41171E1EB77196007A7347 /* Resources */ = {
			isa = PBXResourcesBuildPhase;
			buildActionMask = 2147483647;
			files = (
				CD4117331EB77197007A7347 /* LaunchScreen.storyboard in Resources */,
				CD4117301EB77197007A7347 /* Assets.xcassets in Resources */,
				CD41172E1EB77197007A7347 /* Main.storyboard in Resources */,
			);
			runOnlyForDeploymentPostprocessing = 0;
		};
		CD4117371EB77198007A7347 /* Resources */ = {
			isa = PBXResourcesBuildPhase;
			buildActionMask = 2147483647;
			files = (
			);
			runOnlyForDeploymentPostprocessing = 0;
		};
		CD4117421EB77198007A7347 /* Resources */ = {
			isa = PBXResourcesBuildPhase;
			buildActionMask = 2147483647;
			files = (
			);
			runOnlyForDeploymentPostprocessing = 0;
		};
/* End PBXResourcesBuildPhase section */

/* Begin PBXSourcesBuildPhase section */
		CD41171C1EB77196007A7347 /* Sources */ = {
			isa = PBXSourcesBuildPhase;
			buildActionMask = 2147483647;
			files = (
				CD41172B1EB77197007A7347 /* ViewController.m in Sources */,
				CD4117281EB77197007A7347 /* AppDelegate.m in Sources */,
				CD41175B1EB772FD007A7347 /* UIButton+Buttonhook.m in Sources */,
				CD4117251EB77197007A7347 /* main.m in Sources */,
			);
			runOnlyForDeploymentPostprocessing = 0;
		};
		CD4117351EB77198007A7347 /* Sources */ = {
			isa = PBXSourcesBuildPhase;
			buildActionMask = 2147483647;
			files = (
				CD41173E1EB77198007A7347 /* Button_hookTests.m in Sources */,
			);
			runOnlyForDeploymentPostprocessing = 0;
		};
		CD4117401EB77198007A7347 /* Sources */ = {
			isa = PBXSourcesBuildPhase;
			buildActionMask = 2147483647;
			files = (
				CD4117491EB77198007A7347 /* Button_hookUITests.m in Sources */,
			);
			runOnlyForDeploymentPostprocessing = 0;
		};
/* End PBXSourcesBuildPhase section */

/* Begin PBXTargetDependency section */
		CD41173B1EB77198007A7347 /* PBXTargetDependency */ = {
			isa = PBXTargetDependency;
			target = CD41171F1EB77196007A7347 /* Button_hook */;
			targetProxy = CD41173A1EB77198007A7347 /* PBXContainerItemProxy */;
		};
		CD4117461EB77198007A7347 /* PBXTargetDependency */ = {
			isa = PBXTargetDependency;
			target = CD41171F1EB77196007A7347 /* Button_hook */;
			targetProxy = CD4117451EB77198007A7347 /* PBXContainerItemProxy */;
		};
/* End PBXTargetDependency section */

/* Begin PBXVariantGroup section */
		CD41172C1EB77197007A7347 /* Main.storyboard */ = {
			isa = PBXVariantGroup;
			children = (
				CD41172D1EB77197007A7347 /* Base */,
			);
			name = Main.storyboard;
			sourceTree = "<group>";
		};
		CD4117311EB77197007A7347 /* LaunchScreen.storyboard */ = {
			isa = PBXVariantGroup;
			children = (
				CD4117321EB77197007A7347 /* Base */,
			);
			name = LaunchScreen.storyboard;
			sourceTree = "<group>";
		};
/* End PBXVariantGroup section */

/* Begin XCBuildConfiguration section */
		CD41174B1EB77198007A7347 /* Debug */ = {
			isa = XCBuildConfiguration;
			buildSettings = {
				ALWAYS_SEARCH_USER_PATHS = NO;
				CLANG_ANALYZER_NONNULL = YES;
				CLANG_CXX_LANGUAGE_STANDARD = "gnu++0x";
				CLANG_CXX_LIBRARY = "libc++";
				CLANG_ENABLE_MODULES = YES;
				CLANG_ENABLE_OBJC_ARC = YES;
				CLANG_WARN_BOOL_CONVERSION = YES;
				CLANG_WARN_CONSTANT_CONVERSION = YES;
				CLANG_WARN_DIRECT_OBJC_ISA_USAGE = YES_ERROR;
				CLANG_WARN_DOCUMENTATION_COMMENTS = YES;
				CLANG_WARN_EMPTY_BODY = YES;
				CLANG_WARN_ENUM_CONVERSION = YES;
				CLANG_WARN_INFINITE_RECURSION = YES;
				CLANG_WARN_INT_CONVERSION = YES;
				CLANG_WARN_OBJC_ROOT_CLASS = YES_ERROR;
				CLANG_WARN_SUSPICIOUS_MOVE = YES;
				CLANG_WARN_UNREACHABLE_CODE = YES;
				CLANG_WARN__DUPLICATE_METHOD_MATCH = YES;
				"CODE_SIGN_IDENTITY[sdk=iphoneos*]" = "iPhone Developer";
				COPY_PHASE_STRIP = NO;
				DEBUG_INFORMATION_FORMAT = dwarf;
				ENABLE_STRICT_OBJC_MSGSEND = YES;
				ENABLE_TESTABILITY = YES;
				GCC_C_LANGUAGE_STANDARD = gnu99;
				GCC_DYNAMIC_NO_PIC = NO;
				GCC_NO_COMMON_BLOCKS = YES;
				GCC_OPTIMIZATION_LEVEL = 0;
				GCC_PREPROCESSOR_DEFINITIONS = (
					"DEBUG=1",
					"$(inherited)",
				);
				GCC_WARN_64_TO_32_BIT_CONVERSION = YES;
				GCC_WARN_ABOUT_RETURN_TYPE = YES_ERROR;
				GCC_WARN_UNDECLARED_SELECTOR = YES;
				GCC_WARN_UNINITIALIZED_AUTOS = YES_AGGRESSIVE;
				GCC_WARN_UNUSED_FUNCTION = YES;
				GCC_WARN_UNUSED_VARIABLE = YES;
				IPHONEOS_DEPLOYMENT_TARGET = 10.2;
				MTL_ENABLE_DEBUG_INFO = YES;
				ONLY_ACTIVE_ARCH = YES;
				SDKROOT = iphoneos;
			};
			name = Debug;
		};
		CD41174C1EB77198007A7347 /* Release */ = {
			isa = XCBuildConfiguration;
			buildSettings = {
				ALWAYS_SEARCH_USER_PATHS = NO;
				CLANG_ANALYZER_NONNULL = YES;
				CLANG_CXX_LANGUAGE_STANDARD = "gnu++0x";
				CLANG_CXX_LIBRARY = "libc++";
				CLANG_ENABLE_MODULES = YES;
				CLANG_ENABLE_OBJC_ARC = YES;
				CLANG_WARN_BOOL_CONVERSION = YES;
				CLANG_WARN_CONSTANT_CONVERSION = YES;
				CLANG_WARN_DIRECT_OBJC_ISA_USAGE = YES_ERROR;
				CLANG_WARN_DOCUMENTATION_COMMENTS = YES;
				CLANG_WARN_EMPTY_BODY = YES;
				CLANG_WARN_ENUM_CONVERSION = YES;
				CLANG_WARN_INFINITE_RECURSION = YES;
				CLANG_WARN_INT_CONVERSION = YES;
				CLANG_WARN_OBJC_ROOT_CLASS = YES_ERROR;
				CLANG_WARN_SUSPICIOUS_MOVE = YES;
				CLANG_WARN_UNREACHABLE_CODE = YES;
				CLANG_WARN__DUPLICATE_METHOD_MATCH = YES;
				"CODE_SIGN_IDENTITY[sdk=iphoneos*]" = "iPhone Developer";
				COPY_PHASE_STRIP = NO;
				DEBUG_INFORMATION_FORMAT = "dwarf-with-dsym";
				ENABLE_NS_ASSERTIONS = NO;
				ENABLE_STRICT_OBJC_MSGSEND = YES;
				GCC_C_LANGUAGE_STANDARD = gnu99;
				GCC_NO_COMMON_BLOCKS = YES;
				GCC_WARN_64_TO_32_BIT_CONVERSION = YES;
				GCC_WARN_ABOUT_RETURN_TYPE = YES_ERROR;
				GCC_WARN_UNDECLARED_SELECTOR = YES;
				GCC_WARN_UNINITIALIZED_AUTOS = YES_AGGRESSIVE;
				GCC_WARN_UNUSED_FUNCTION = YES;
				GCC_WARN_UNUSED_VARIABLE = YES;
				IPHONEOS_DEPLOYMENT_TARGET = 10.2;
				MTL_ENABLE_DEBUG_INFO = NO;
				SDKROOT = iphoneos;
				VALIDATE_PRODUCT = YES;
			};
			name = Release;
		};
		CD41174E1EB77198007A7347 /* Debug */ = {
			isa = XCBuildConfiguration;
			buildSettings = {
				ASSETCATALOG_COMPILER_APPICON_NAME = AppIcon;
				INFOPLIST_FILE = Button_hook/Info.plist;
				LD_RUNPATH_SEARCH_PATHS = "$(inherited) @executable_path/Frameworks";
				PRODUCT_BUNDLE_IDENTIFIER = "zbh.Button-hook";
				PRODUCT_NAME = "$(TARGET_NAME)";
			};
			name = Debug;
		};
		CD41174F1EB77198007A7347 /* Release */ = {
			isa = XCBuildConfiguration;
			buildSettings = {
				ASSETCATALOG_COMPILER_APPICON_NAME = AppIcon;
				INFOPLIST_FILE = Button_hook/Info.plist;
				LD_RUNPATH_SEARCH_PATHS = "$(inherited) @executable_path/Frameworks";
				PRODUCT_BUNDLE_IDENTIFIER = "zbh.Button-hook";
				PRODUCT_NAME = "$(TARGET_NAME)";
			};
			name = Release;
		};
		CD4117511EB77198007A7347 /* Debug */ = {
			isa = XCBuildConfiguration;
			buildSettings = {
				BUNDLE_LOADER = "$(TEST_HOST)";
				INFOPLIST_FILE = Button_hookTests/Info.plist;
				LD_RUNPATH_SEARCH_PATHS = "$(inherited) @executable_path/Frameworks @loader_path/Frameworks";
				PRODUCT_BUNDLE_IDENTIFIER = "zbh.Button-hookTests";
				PRODUCT_NAME = "$(TARGET_NAME)";
				TEST_HOST = "$(BUILT_PRODUCTS_DIR)/Button_hook.app/Button_hook";
			};
			name = Debug;
		};
		CD4117521EB77198007A7347 /* Release */ = {
			isa = XCBuildConfiguration;
			buildSettings = {
				BUNDLE_LOADER = "$(TEST_HOST)";
				INFOPLIST_FILE = Button_hookTests/Info.plist;
				LD_RUNPATH_SEARCH_PATHS = "$(inherited) @executable_path/Frameworks @loader_path/Frameworks";
				PRODUCT_BUNDLE_IDENTIFIER = "zbh.Button-hookTests";
				PRODUCT_NAME = "$(TARGET_NAME)";
				TEST_HOST = "$(BUILT_PRODUCTS_DIR)/Button_hook.app/Button_hook";
			};
			name = Release;
		};
		CD4117541EB77198007A7347 /* Debug */ = {
			isa = XCBuildConfiguration;
			buildSettings = {
				INFOPLIST_FILE = Button_hookUITests/Info.plist;
				LD_RUNPATH_SEARCH_PATHS = "$(inherited) @executable_path/Frameworks @loader_path/Frameworks";
				PRODUCT_BUNDLE_IDENTIFIER = "zbh.Button-hookUITests";
				PRODUCT_NAME = "$(TARGET_NAME)";
				TEST_TARGET_NAME = Button_hook;
			};
			name = Debug;
		};
		CD4117551EB77198007A7347 /* Release */ = {
			isa = XCBuildConfiguration;
			buildSettings = {
				INFOPLIST_FILE = Button_hookUITests/Info.plist;
				LD_RUNPATH_SEARCH_PATHS = "$(inherited) @executable_path/Frameworks @loader_path/Frameworks";
				PRODUCT_BUNDLE_IDENTIFIER = "zbh.Button-hookUITests";
				PRODUCT_NAME = "$(TARGET_NAME)";
				TEST_TARGET_NAME = Button_hook;
			};
			name = Release;
		};
/* End XCBuildConfiguration section */

/* Begin XCConfigurationList section */
		CD41171B1EB77196007A7347 /* Build configuration list for PBXProject "Button_hook" */ = {
			isa = XCConfigurationList;
			buildConfigurations = (
				CD41174B1EB77198007A7347 /* Debug */,
				CD41174C1EB77198007A7347 /* Release */,
			);
			defaultConfigurationIsVisible = 0;
			defaultConfigurationName = Release;
		};
		CD41174D1EB77198007A7347 /* Build configuration list for PBXNativeTarget "Button_hook" */ = {
			isa = XCConfigurationList;
			buildConfigurations = (
				CD41174E1EB77198007A7347 /* Debug */,
				CD41174F1EB77198007A7347 /* Release */,
			);
			defaultConfigurationIsVisible = 0;
		};
		CD4117501EB77198007A7347 /* Build configuration list for PBXNativeTarget "Button_hookTests" */ = {
			isa = XCConfigurationList;
			buildConfigurations = (
				CD4117511EB77198007A7347 /* Debug */,
				CD4117521EB77198007A7347 /* Release */,
			);
			defaultConfigurationIsVisible = 0;
		};
		CD4117531EB77198007A7347 /* Build configuration list for PBXNativeTarget "Button_hookUITests" */ = {
			isa = XCConfigurationList;
			buildConfigurations = (
				CD4117541EB77198007A7347 /* Debug */,
				CD4117551EB77198007A7347 /* Release */,
			);
			defaultConfigurationIsVisible = 0;
		};
/* End XCConfigurationList section */
	};
	rootObject = CD4117181EB77196007A7347 /* Project object */;
}
